// !$*UTF8*$!
{
	archiveVersion = 1;
	classes = {
	};
	objectVersion = 77;
	objects = {

/* Begin PBXBuildFile section */
		585A5AC62D07055F00BC402E /* ContentView.swift in Sources */ = {isa = PBXBuildFile; fileRef = 585A5AC52D07055500BC402E /* ContentView.swift */; };
/* End PBXBuildFile section */

/* Begin PBXContainerItemProxy section */
		585A5A9F2D07021D00BC402E /* PBXContainerItemProxy */ = {
			isa = PBXContainerItemProxy;
			containerPortal = 585A5A842D07021C00BC402E /* Project object */;
			proxyType = 1;
			remoteGlobalIDString = 585A5A8B2D07021C00BC402E;
			remoteInfo = HolidayMap;
		};
		585A5AA92D07021D00BC402E /* PBXContainerItemProxy */ = {
			isa = PBXContainerItemProxy;
			containerPortal = 585A5A842D07021C00BC402E /* Project object */;
			proxyType = 1;
			remoteGlobalIDString = 585A5A8B2D07021C00BC402E;
			remoteInfo = HolidayMap;
		};
/* End PBXContainerItemProxy section */

/* Begin PBXFileReference section */
		585A5A8C2D07021C00BC402E /* HolidayMap.app */ = {isa = PBXFileReference; explicitFileType = wrapper.application; includeInIndex = 0; path = HolidayMap.app; sourceTree = BUILT_PRODUCTS_DIR; };
		585A5A9E2D07021D00BC402E /* HolidayMapTests.xctest */ = {isa = PBXFileReference; explicitFileType = wrapper.cfbundle; includeInIndex = 0; path = HolidayMapTests.xctest; sourceTree = BUILT_PRODUCTS_DIR; };
		585A5AA82D07021D00BC402E /* HolidayMapUITests.xctest */ = {isa = PBXFileReference; explicitFileType = wrapper.cfbundle; includeInIndex = 0; path = HolidayMapUITests.xctest; sourceTree = BUILT_PRODUCTS_DIR; };
		585A5AC52D07055500BC402E /* ContentView.swift */ = {isa = PBXFileReference; lastKnownFileType = sourcecode.swift; path = ContentView.swift; sourceTree = "<group>"; };
/* End PBXFileReference section */

/* Begin PBXFileSystemSynchronizedBuildFileExceptionSet section */
		585A5ACB2D0705BA00BC402E /* Exceptions for "Views" folder in "HolidayMap" target */ = {
			isa = PBXFileSystemSynchronizedBuildFileExceptionSet;
			membershipExceptions = (
				CalendarView.swift,
			);
			target = 585A5A8B2D07021C00BC402E /* HolidayMap */;
		};
/* End PBXFileSystemSynchronizedBuildFileExceptionSet section */

/* Begin PBXFileSystemSynchronizedRootGroup section */
		585A5A8E2D07021C00BC402E /* HolidayMap */ = {
			isa = PBXFileSystemSynchronizedRootGroup;
			path = HolidayMap;
			sourceTree = "<group>";
		};
		585A5ABB2D0704DD00BC402E /* Models */ = {
			isa = PBXFileSystemSynchronizedRootGroup;
			path = Models;
			sourceTree = "<group>";
		};
		585A5ABD2D07050100BC402E /* Views */ = {
			isa = PBXFileSystemSynchronizedRootGroup;
			exceptions = (
				585A5ACB2D0705BA00BC402E /* Exceptions for "Views" folder in "HolidayMap" target */,
			);
			path = Views;
			sourceTree = "<group>";
		};
		585A5ABE2D07050C00BC402E /* ViewModels */ = {
			isa = PBXFileSystemSynchronizedRootGroup;
			path = ViewModels;
			sourceTree = "<group>";
		};
		585A5AC02D07052000BC402E /* Helpers */ = {
			isa = PBXFileSystemSynchronizedRootGroup;
			path = Helpers;
			sourceTree = "<group>";
		};
/* End PBXFileSystemSynchronizedRootGroup section */

/* Begin PBXFrameworksBuildPhase section */
		585A5A892D07021C00BC402E /* Frameworks */ = {
			isa = PBXFrameworksBuildPhase;
			buildActionMask = 2147483647;
			files = (
			);
			runOnlyForDeploymentPostprocessing = 0;
		};
		585A5A9B2D07021D00BC402E /* Frameworks */ = {
			isa = PBXFrameworksBuildPhase;
			buildActionMask = 2147483647;
			files = (
			);
			runOnlyForDeploymentPostprocessing = 0;
		};
		585A5AA52D07021D00BC402E /* Frameworks */ = {
			isa = PBXFrameworksBuildPhase;
			buildActionMask = 2147483647;
			files = (
			);
			runOnlyForDeploymentPostprocessing = 0;
		};
/* End PBXFrameworksBuildPhase section */

/* Begin PBXGroup section */
		585A5A832D07021C00BC402E = {
			isa = PBXGroup;
			children = (
				585A5AC52D07055500BC402E /* ContentView.swift */,
				585A5AC02D07052000BC402E /* Helpers */,
				585A5ABE2D07050C00BC402E /* ViewModels */,
				585A5ABD2D07050100BC402E /* Views */,
				585A5A8E2D07021C00BC402E /* HolidayMap */,
				585A5A8D2D07021C00BC402E /* Products */,
				585A5ABB2D0704DD00BC402E /* Models */,
			);
			sourceTree = "<group>";
		};
		585A5A8D2D07021C00BC402E /* Products */ = {
			isa = PBXGroup;
			children = (
				585A5A8C2D07021C00BC402E /* HolidayMap.app */,
				585A5A9E2D07021D00BC402E /* HolidayMapTests.xctest */,
				585A5AA82D07021D00BC402E /* HolidayMapUITests.xctest */,
			);
			name = Products;
			sourceTree = "<group>";
		};
/* End PBXGroup section */

/* Begin PBXNativeTarget section */
		585A5A8B2D07021C00BC402E /* HolidayMap */ = {
			isa = PBXNativeTarget;
			buildConfigurationList = 585A5AB22D07021D00BC402E /* Build configuration list for PBXNativeTarget "HolidayMap" */;
			buildPhases = (
				585A5A882D07021C00BC402E /* Sources */,
				585A5A892D07021C00BC402E /* Frameworks */,
				585A5A8A2D07021C00BC402E /* Resources */,
			);
			buildRules = (
			);
			dependencies = (
			);
			fileSystemSynchronizedGroups = (
				585A5A8E2D07021C00BC402E /* HolidayMap */,
				585A5ABB2D0704DD00BC402E /* Models */,
				585A5ABD2D07050100BC402E /* Views */,
				585A5ABE2D07050C00BC402E /* ViewModels */,
				585A5AC02D07052000BC402E /* Helpers */,
			);
			name = HolidayMap;
			packageProductDependencies = (
			);
			productName = HolidayMap;
			productReference = 585A5A8C2D07021C00BC402E /* HolidayMap.app */;
			productType = "com.apple.product-type.application";
		};
		585A5A9D2D07021D00BC402E /* HolidayMapTests */ = {
			isa = PBXNativeTarget;
			buildConfigurationList = 585A5AB52D07021D00BC402E /* Build configuration list for PBXNativeTarget "HolidayMapTests" */;
			buildPhases = (
				585A5A9A2D07021D00BC402E /* Sources */,
				585A5A9B2D07021D00BC402E /* Frameworks */,
				585A5A9C2D07021D00BC402E /* Resources */,
			);
			buildRules = (
			);
			dependencies = (
				585A5AA02D07021D00BC402E /* PBXTargetDependency */,
			);
			name = HolidayMapTests;
			packageProductDependencies = (
			);
			productName = HolidayMapTests;
			productReference = 585A5A9E2D07021D00BC402E /* HolidayMapTests.xctest */;
			productType = "com.apple.product-type.bundle.unit-test";
		};
		585A5AA72D07021D00BC402E /* HolidayMapUITests */ = {
			isa = PBXNativeTarget;
			buildConfigurationList = 585A5AB82D07021D00BC402E /* Build configuration list for PBXNativeTarget "HolidayMapUITests" */;
			buildPhases = (
				585A5AA42D07021D00BC402E /* Sources */,
				585A5AA52D07021D00BC402E /* Frameworks */,
				585A5AA62D07021D00BC402E /* Resources */,
			);
			buildRules = (
			);
			dependencies = (
				585A5AAA2D07021D00BC402E /* PBXTargetDependency */,
			);
			name = HolidayMapUITests;
			packageProductDependencies = (
			);
			productName = HolidayMapUITests;
			productReference = 585A5AA82D07021D00BC402E /* HolidayMapUITests.xctest */;
			productType = "com.apple.product-type.bundle.ui-testing";
		};
/* End PBXNativeTarget section */

/* Begin PBXProject section */
		585A5A842D07021C00BC402E /* Project object */ = {
			isa = PBXProject;
			attributes = {
				BuildIndependentTargetsInParallel = 1;
				LastSwiftUpdateCheck = 1610;
				LastUpgradeCheck = 1610;
				TargetAttributes = {
					585A5A8B2D07021C00BC402E = {
						CreatedOnToolsVersion = 16.1;
						LastSwiftMigration = 1610;
					};
					585A5A9D2D07021D00BC402E = {
						CreatedOnToolsVersion = 16.1;
						TestTargetID = 585A5A8B2D07021C00BC402E;
					};
					585A5AA72D07021D00BC402E = {
						CreatedOnToolsVersion = 16.1;
						TestTargetID = 585A5A8B2D07021C00BC402E;
					};
				};
			};
			buildConfigurationList = 585A5A872D07021C00BC402E /* Build configuration list for PBXProject "HolidayMap" */;
			developmentRegion = en;
			hasScannedForEncodings = 0;
			knownRegions = (
				en,
				Base,
			);
			mainGroup = 585A5A832D07021C00BC402E;
			minimizedProjectReferenceProxies = 1;
			preferredProjectObjectVersion = 77;
			productRefGroup = 585A5A8D2D07021C00BC402E /* Products */;
			projectDirPath = "";
			projectRoot = "";
			targets = (
				585A5A8B2D07021C00BC402E /* HolidayMap */,
				585A5A9D2D07021D00BC402E /* HolidayMapTests */,
				585A5AA72D07021D00BC402E /* HolidayMapUITests */,
			);
		};
/* End PBXProject section */

/* Begin PBXResourcesBuildPhase section */
		585A5A8A2D07021C00BC402E /* Resources */ = {
			isa = PBXResourcesBuildPhase;
			buildActionMask = 2147483647;
			files = (
			);
			runOnlyForDeploymentPostprocessing = 0;
		};
		585A5A9C2D07021D00BC402E /* Resources */ = {
			isa = PBXResourcesBuildPhase;
			buildActionMask = 2147483647;
			files = (
			);
			runOnlyForDeploymentPostprocessing = 0;
		};
		585A5AA62D07021D00BC402E /* Resources */ = {
			isa = PBXResourcesBuildPhase;
			buildActionMask = 2147483647;
			files = (
			);
			runOnlyForDeploymentPostprocessing = 0;
		};
/* End PBXResourcesBuildPhase section */

/* Begin PBXSourcesBuildPhase section */
		585A5A882D07021C00BC402E /* Sources */ = {
			isa = PBXSourcesBuildPhase;
			buildActionMask = 2147483647;
			files = (
				585A5AC62D07055F00BC402E /* ContentView.swift in Sources */,
			);
			runOnlyForDeploymentPostprocessing = 0;
		};
		585A5A9A2D07021D00BC402E /* Sources */ = {
			isa = PBXSourcesBuildPhase;
			buildActionMask = 2147483647;
			files = (
			);
			runOnlyForDeploymentPostprocessing = 0;
		};
		585A5AA42D07021D00BC402E /* Sources */ = {
			isa = PBXSourcesBuildPhase;
			buildActionMask = 2147483647;
			files = (
			);
			runOnlyForDeploymentPostprocessing = 0;
		};
/* End PBXSourcesBuildPhase section */

/* Begin PBXTargetDependency section */
		585A5AA02D07021D00BC402E /* PBXTargetDependency */ = {
			isa = PBXTargetDependency;
			target = 585A5A8B2D07021C00BC402E /* HolidayMap */;
			targetProxy = 585A5A9F2D07021D00BC402E /* PBXContainerItemProxy */;
		};
		585A5AAA2D07021D00BC402E /* PBXTargetDependency */ = {
			isa = PBXTargetDependency;
			target = 585A5A8B2D07021C00BC402E /* HolidayMap */;
			targetProxy = 585A5AA92D07021D00BC402E /* PBXContainerItemProxy */;
		};
/* End PBXTargetDependency section */

/* Begin XCBuildConfiguration section */
		585A5AB02D07021D00BC402E /* Debug */ = {
			isa = XCBuildConfiguration;
			buildSettings = {
				ALWAYS_SEARCH_USER_PATHS = NO;
				ASSETCATALOG_COMPILER_GENERATE_SWIFT_ASSET_SYMBOL_EXTENSIONS = YES;
				CLANG_ANALYZER_NONNULL = YES;
				CLANG_ANALYZER_NUMBER_OBJECT_CONVERSION = YES_AGGRESSIVE;
				CLANG_CXX_LANGUAGE_STANDARD = "gnu++20";
				CLANG_ENABLE_MODULES = YES;
				CLANG_ENABLE_OBJC_ARC = YES;
				CLANG_ENABLE_OBJC_WEAK = YES;
				CLANG_WARN_BLOCK_CAPTURE_AUTORELEASING = YES;
				CLANG_WARN_BOOL_CONVERSION = YES;
				CLANG_WARN_COMMA = YES;
				CLANG_WARN_CONSTANT_CONVERSION = YES;
				CLANG_WARN_DEPRECATED_OBJC_IMPLEMENTATIONS = YES;
				CLANG_WARN_DIRECT_OBJC_ISA_USAGE = YES_ERROR;
				CLANG_WARN_DOCUMENTATION_COMMENTS = YES;
				CLANG_WARN_EMPTY_BODY = YES;
				CLANG_WARN_ENUM_CONVERSION = YES;
				CLANG_WARN_INFINITE_RECURSION = YES;
				CLANG_WARN_INT_CONVERSION = YES;
				CLANG_WARN_NON_LITERAL_NULL_CONVERSION = YES;
				CLANG_WARN_OBJC_IMPLICIT_RETAIN_SELF = YES;
				CLANG_WARN_OBJC_LITERAL_CONVERSION = YES;
				CLANG_WARN_OBJC_ROOT_CLASS = YES_ERROR;
				CLANG_WARN_QUOTED_INCLUDE_IN_FRAMEWORK_HEADER = YES;
				CLANG_WARN_RANGE_LOOP_ANALYSIS = YES;
				CLANG_WARN_STRICT_PROTOTYPES = YES;
				CLANG_WARN_SUSPICIOUS_MOVE = YES;
				CLANG_WARN_UNGUARDED_AVAILABILITY = YES_AGGRESSIVE;
				CLANG_WARN_UNREACHABLE_CODE = YES;
				CLANG_WARN__DUPLICATE_METHOD_MATCH = YES;
				COPY_PHASE_STRIP = NO;
				DEBUG_INFORMATION_FORMAT = dwarf;
				ENABLE_STRICT_OBJC_MSGSEND = YES;
				ENABLE_TESTABILITY = YES;
				ENABLE_USER_SCRIPT_SANDBOXING = YES;
				GCC_C_LANGUAGE_STANDARD = gnu17;
				GCC_DYNAMIC_NO_PIC = NO;
				GCC_NO_COMMON_BLOCKS = YES;
				GCC_OPTIMIZATION_LEVEL = 0;
				GCC_PREPROCESSOR_DEFINITIONS = (
					"DEBUG=1",
					"$(inherited)",
				);
				GCC_WARN_64_TO_32_BIT_CONVERSION = YES;
				GCC_WARN_ABOUT_RETURN_TYPE = YES_ERROR;
				GCC_WARN_UNDECLARED_SELECTOR = YES;
				GCC_WARN_UNINITIALIZED_AUTOS = YES_AGGRESSIVE;
				GCC_WARN_UNUSED_FUNCTION = YES;
				GCC_WARN_UNUSED_VARIABLE = YES;
				IPHONEOS_DEPLOYMENT_TARGET = 18.1;
				LOCALIZATION_PREFERS_STRING_CATALOGS = YES;
				MTL_ENABLE_DEBUG_INFO = INCLUDE_SOURCE;
				MTL_FAST_MATH = YES;
				ONLY_ACTIVE_ARCH = YES;
				SDKROOT = iphoneos;
				SWIFT_ACTIVE_COMPILATION_CONDITIONS = "DEBUG $(inherited)";
				SWIFT_OPTIMIZATION_LEVEL = "-Onone";
			};
			name = Debug;
		};
		585A5AB12D07021D00BC402E /* Release */ = {
			isa = XCBuildConfiguration;
			buildSettings = {
				ALWAYS_SEARCH_USER_PATHS = NO;
				ASSETCATALOG_COMPILER_GENERATE_SWIFT_ASSET_SYMBOL_EXTENSIONS = YES;
				CLANG_ANALYZER_NONNULL = YES;
				CLANG_ANALYZER_NUMBER_OBJECT_CONVERSION = YES_AGGRESSIVE;
				CLANG_CXX_LANGUAGE_STANDARD = "gnu++20";
				CLANG_ENABLE_MODULES = YES;
				CLANG_ENABLE_OBJC_ARC = YES;
				CLANG_ENABLE_OBJC_WEAK = YES;
				CLANG_WARN_BLOCK_CAPTURE_AUTORELEASING = YES;
				CLANG_WARN_BOOL_CONVERSION = YES;
				CLANG_WARN_COMMA = YES;
				CLANG_WARN_CONSTANT_CONVERSION = YES;
				CLANG_WARN_DEPRECATED_OBJC_IMPLEMENTATIONS = YES;
				CLANG_WARN_DIRECT_OBJC_ISA_USAGE = YES_ERROR;
				CLANG_WARN_DOCUMENTATION_COMMENTS = YES;
				CLANG_WARN_EMPTY_BODY = YES;
				CLANG_WARN_ENUM_CONVERSION = YES;
				CLANG_WARN_INFINITE_RECURSION = YES;
				CLANG_WARN_INT_CONVERSION = YES;
				CLANG_WARN_NON_LITERAL_NULL_CONVERSION = YES;
				CLANG_WARN_OBJC_IMPLICIT_RETAIN_SELF = YES;
				CLANG_WARN_OBJC_LITERAL_CONVERSION = YES;
				CLANG_WARN_OBJC_ROOT_CLASS = YES_ERROR;
				CLANG_WARN_QUOTED_INCLUDE_IN_FRAMEWORK_HEADER = YES;
				CLANG_WARN_RANGE_LOOP_ANALYSIS = YES;
				CLANG_WARN_STRICT_PROTOTYPES = YES;
				CLANG_WARN_SUSPICIOUS_MOVE = YES;
				CLANG_WARN_UNGUARDED_AVAILABILITY = YES_AGGRESSIVE;
				CLANG_WARN_UNREACHABLE_CODE = YES;
				CLANG_WARN__DUPLICATE_METHOD_MATCH = YES;
				COPY_PHASE_STRIP = NO;
				DEBUG_INFORMATION_FORMAT = "dwarf-with-dsym";
				ENABLE_NS_ASSERTIONS = NO;
				ENABLE_STRICT_OBJC_MSGSEND = YES;
				ENABLE_USER_SCRIPT_SANDBOXING = YES;
				GCC_C_LANGUAGE_STANDARD = gnu17;
				GCC_NO_COMMON_BLOCKS = YES;
				GCC_WARN_64_TO_32_BIT_CONVERSION = YES;
				GCC_WARN_ABOUT_RETURN_TYPE = YES_ERROR;
				GCC_WARN_UNDECLARED_SELECTOR = YES;
				GCC_WARN_UNINITIALIZED_AUTOS = YES_AGGRESSIVE;
				GCC_WARN_UNUSED_FUNCTION = YES;
				GCC_WARN_UNUSED_VARIABLE = YES;
				IPHONEOS_DEPLOYMENT_TARGET = 18.1;
				LOCALIZATION_PREFERS_STRING_CATALOGS = YES;
				MTL_ENABLE_DEBUG_INFO = NO;
				MTL_FAST_MATH = YES;
				SDKROOT = iphoneos;
				SWIFT_COMPILATION_MODE = wholemodule;
				VALIDATE_PRODUCT = YES;
			};
			name = Release;
		};
		585A5AB32D07021D00BC402E /* Debug */ = {
			isa = XCBuildConfiguration;
			buildSettings = {
				ASSETCATALOG_COMPILER_APPICON_NAME = AppIcon;
				ASSETCATALOG_COMPILER_GLOBAL_ACCENT_COLOR_NAME = AccentColor;
				CLANG_ENABLE_MODULES = YES;
				CODE_SIGN_STYLE = Automatic;
				CURRENT_PROJECT_VERSION = 1;
				DEVELOPMENT_ASSET_PATHS = "\"HolidayMap/Preview Content\"";
				DEVELOPMENT_TEAM = JK5AYNL9B2;
				ENABLE_PREVIEWS = YES;
				GENERATE_INFOPLIST_FILE = YES;
				INFOPLIST_KEY_UIApplicationSceneManifest_Generation = YES;
				INFOPLIST_KEY_UIApplicationSupportsIndirectInputEvents = YES;
				INFOPLIST_KEY_UILaunchScreen_Generation = YES;
				INFOPLIST_KEY_UISupportedInterfaceOrientations_iPad = "UIInterfaceOrientationPortrait UIInterfaceOrientationPortraitUpsideDown UIInterfaceOrientationLandscapeLeft UIInterfaceOrientationLandscapeRight";
				INFOPLIST_KEY_UISupportedInterfaceOrientations_iPhone = "UIInterfaceOrientationPortrait UIInterfaceOrientationLandscapeLeft UIInterfaceOrientationLandscapeRight";
				LD_RUNPATH_SEARCH_PATHS = (
					"$(inherited)",
					"@executable_path/Frameworks",
				);
				MARKETING_VERSION = 1.0;
				PRODUCT_BUNDLE_IDENTIFIER = ru.HSE.QWERTY.HolidayMap;
				PRODUCT_NAME = "$(TARGET_NAME)";
				SWIFT_EMIT_LOC_STRINGS = YES;
				SWIFT_OBJC_BRIDGING_HEADER = "Helpers/HolidayMap-Bridging-Header.h";
				SWIFT_OPTIMIZATION_LEVEL = "-Onone";
				SWIFT_VERSION = 5.0;
				TARGETED_DEVICE_FAMILY = "1,2";
			};
			name = Debug;
		};
		585A5AB42D07021D00BC402E /* Release */ = {
			isa = XCBuildConfiguration;
			buildSettings = {
				ASSETCATALOG_COMPILER_APPICON_NAME = AppIcon;
				ASSETCATALOG_COMPILER_GLOBAL_ACCENT_COLOR_NAME = AccentColor;
				CLANG_ENABLE_MODULES = YES;
				CODE_SIGN_STYLE = Automatic;
				CURRENT_PROJECT_VERSION = 1;
				DEVELOPMENT_ASSET_PATHS = "\"HolidayMap/Preview Content\"";
				DEVELOPMENT_TEAM = JK5AYNL9B2;
				ENABLE_PREVIEWS = YES;
				GENERATE_INFOPLIST_FILE = YES;
				INFOPLIST_KEY_UIApplicationSceneManifest_Generation = YES;
				INFOPLIST_KEY_UIApplicationSupportsIndirectInputEvents = YES;
				INFOPLIST_KEY_UILaunchScreen_Generation = YES;
				INFOPLIST_KEY_UISupportedInterfaceOrientations_iPad = "UIInterfaceOrientationPortrait UIInterfaceOrientationPortraitUpsideDown UIInterfaceOrientationLandscapeLeft UIInterfaceOrientationLandscapeRight";
				INFOPLIST_KEY_UISupportedInterfaceOrientations_iPhone = "UIInterfaceOrientationPortrait UIInterfaceOrientationLandscapeLeft UIInterfaceOrientationLandscapeRight";
				LD_RUNPATH_SEARCH_PATHS = (
					"$(inherited)",
					"@executable_path/Frameworks",
				);
				MARKETING_VERSION = 1.0;
				PRODUCT_BUNDLE_IDENTIFIER = ru.HSE.QWERTY.HolidayMap;
				PRODUCT_NAME = "$(TARGET_NAME)";
				SWIFT_EMIT_LOC_STRINGS = YES;
				SWIFT_OBJC_BRIDGING_HEADER = "Helpers/HolidayMap-Bridging-Header.h";
				SWIFT_VERSION = 5.0;
				TARGETED_DEVICE_FAMILY = "1,2";
			};
			name = Release;
		};
		585A5AB62D07021D00BC402E /* Debug */ = {
			isa = XCBuildConfiguration;
			buildSettings = {
				BUNDLE_LOADER = "$(TEST_HOST)";
				CODE_SIGN_STYLE = Automatic;
				CURRENT_PROJECT_VERSION = 1;
				DEVELOPMENT_TEAM = JK5AYNL9B2;
				GENERATE_INFOPLIST_FILE = YES;
				IPHONEOS_DEPLOYMENT_TARGET = 18.1;
				MARKETING_VERSION = 1.0;
				PRODUCT_BUNDLE_IDENTIFIER = ru.HSE.QWERTY.HolidayMapTests;
				PRODUCT_NAME = "$(TARGET_NAME)";
				SWIFT_EMIT_LOC_STRINGS = NO;
				SWIFT_VERSION = 5.0;
				TARGETED_DEVICE_FAMILY = "1,2";
				TEST_HOST = "$(BUILT_PRODUCTS_DIR)/HolidayMap.app/$(BUNDLE_EXECUTABLE_FOLDER_PATH)/HolidayMap";
			};
			name = Debug;
		};
		585A5AB72D07021D00BC402E /* Release */ = {
			isa = XCBuildConfiguration;
			buildSettings = {
				BUNDLE_LOADER = "$(TEST_HOST)";
				CODE_SIGN_STYLE = Automatic;
				CURRENT_PROJECT_VERSION = 1;
				DEVELOPMENT_TEAM = JK5AYNL9B2;
				GENERATE_INFOPLIST_FILE = YES;
				IPHONEOS_DEPLOYMENT_TARGET = 18.1;
				MARKETING_VERSION = 1.0;
				PRODUCT_BUNDLE_IDENTIFIER = ru.HSE.QWERTY.HolidayMapTests;
				PRODUCT_NAME = "$(TARGET_NAME)";
				SWIFT_EMIT_LOC_STRINGS = NO;
				SWIFT_VERSION = 5.0;
				TARGETED_DEVICE_FAMILY = "1,2";
				TEST_HOST = "$(BUILT_PRODUCTS_DIR)/HolidayMap.app/$(BUNDLE_EXECUTABLE_FOLDER_PATH)/HolidayMap";
			};
			name = Release;
		};
		585A5AB92D07021D00BC402E /* Debug */ = {
			isa = XCBuildConfiguration;
			buildSettings = {
				CODE_SIGN_STYLE = Automatic;
				CURRENT_PROJECT_VERSION = 1;
				DEVELOPMENT_TEAM = JK5AYNL9B2;
				GENERATE_INFOPLIST_FILE = YES;
				MARKETING_VERSION = 1.0;
				PRODUCT_BUNDLE_IDENTIFIER = ru.HSE.QWERTY.HolidayMapUITests;
				PRODUCT_NAME = "$(TARGET_NAME)";
				SWIFT_EMIT_LOC_STRINGS = NO;
				SWIFT_VERSION = 5.0;
				TARGETED_DEVICE_FAMILY = "1,2";
				TEST_TARGET_NAME = HolidayMap;
			};
			name = Debug;
		};
		585A5ABA2D07021D00BC402E /* Release */ = {
			isa = XCBuildConfiguration;
			buildSettings = {
				CODE_SIGN_STYLE = Automatic;
				CURRENT_PROJECT_VERSION = 1;
				DEVELOPMENT_TEAM = JK5AYNL9B2;
				GENERATE_INFOPLIST_FILE = YES;
				MARKETING_VERSION = 1.0;
				PRODUCT_BUNDLE_IDENTIFIER = ru.HSE.QWERTY.HolidayMapUITests;
				PRODUCT_NAME = "$(TARGET_NAME)";
				SWIFT_EMIT_LOC_STRINGS = NO;
				SWIFT_VERSION = 5.0;
				TARGETED_DEVICE_FAMILY = "1,2";
				TEST_TARGET_NAME = HolidayMap;
			};
			name = Release;
		};
/* End XCBuildConfiguration section */

/* Begin XCConfigurationList section */
		585A5A872D07021C00BC402E /* Build configuration list for PBXProject "HolidayMap" */ = {
			isa = XCConfigurationList;
			buildConfigurations = (
				585A5AB02D07021D00BC402E /* Debug */,
				585A5AB12D07021D00BC402E /* Release */,
			);
			defaultConfigurationIsVisible = 0;
			defaultConfigurationName = Release;
		};
		585A5AB22D07021D00BC402E /* Build configuration list for PBXNativeTarget "HolidayMap" */ = {
			isa = XCConfigurationList;
			buildConfigurations = (
				585A5AB32D07021D00BC402E /* Debug */,
				585A5AB42D07021D00BC402E /* Release */,
			);
			defaultConfigurationIsVisible = 0;
			defaultConfigurationName = Release;
		};
		585A5AB52D07021D00BC402E /* Build configuration list for PBXNativeTarget "HolidayMapTests" */ = {
			isa = XCConfigurationList;
			buildConfigurations = (
				585A5AB62D07021D00BC402E /* Debug */,
				585A5AB72D07021D00BC402E /* Release */,
			);
			defaultConfigurationIsVisible = 0;
			defaultConfigurationName = Release;
		};
		585A5AB82D07021D00BC402E /* Build configuration list for PBXNativeTarget "HolidayMapUITests" */ = {
			isa = XCConfigurationList;
			buildConfigurations = (
				585A5AB92D07021D00BC402E /* Debug */,
				585A5ABA2D07021D00BC402E /* Release */,
			);
			defaultConfigurationIsVisible = 0;
			defaultConfigurationName = Release;
		};
/* End XCConfigurationList section */
	};
	rootObject = 585A5A842D07021C00BC402E /* Project object */;
}
